
Microsoft Visual Studio Solution File, Format Version 12.00
# Visual Studio 15
VisualStudioVersion = 15.0.26730.0
MinimumVisualStudioVersion = 10.0.40219.1
Project("{2150E333-8FDC-42A3-9474-1A3956D46DE8}") = "src", "src", "{E26D18E4-DCAE-4717-BA7F-201F0C49D3D6}"
EndProject
Project("{2150E333-8FDC-42A3-9474-1A3956D46DE8}") = "Solution Items", "Solution Items", "{E4E69721-21AF-44BC-9AA1-BCB9C5ED46AD}"
	ProjectSection(SolutionItems) = preProject
		.gitattributes = .gitattributes
		.gitignore = .gitignore
	EndProjectSection
EndProject
Project("{2150E333-8FDC-42A3-9474-1A3956D46DE8}") = "samples", "samples", "{8D0F4C98-8A90-4AF1-B95A-6722B7BC628A}"
EndProject
Project("{9A19103F-16F7-4668-BE54-9A1E7A4F7556}") = "Xakep.Extensions.Localization", "src\Xakep.Extensions.Localization\Xakep.Extensions.Localization.csproj", "{66B0A93B-8DF1-44CE-BF61-D5F5766FB4BA}"
EndProject
Project("{9A19103F-16F7-4668-BE54-9A1E7A4F7556}") = "Xakep.AspNetCore.Localization", "src\Xakep.AspNetCore.Localization\Xakep.AspNetCore.Localization.csproj", "{761348DF-95EF-468F-9493-AD8DF1C16C93}"
EndProject
Project("{9A19103F-16F7-4668-BE54-9A1E7A4F7556}") = "ResxFileSample", "samples\ResxFileSample\ResxFileSample.csproj", "{54F16792-5D24-48AD-BD26-83552DDFCF5F}"
EndProject
Project("{9A19103F-16F7-4668-BE54-9A1E7A4F7556}") = "Xakep.AspNetCore.Localization.TagHelpers", "src\Xakep.AspNetCore.Localization.TagHelpers\Xakep.AspNetCore.Localization.TagHelpers.csproj", "{B1E6709C-8C19-4D1E-B55D-2862BCD71BFF}"
EndProject
Global
	GlobalSection(SolutionConfigurationPlatforms) = preSolution
		Debug|Any CPU = Debug|Any CPU
		Release|Any CPU = Release|Any CPU
	EndGlobalSection
	GlobalSection(ProjectConfigurationPlatforms) = postSolution
		{66B0A93B-8DF1-44CE-BF61-D5F5766FB4BA}.Debug|Any CPU.ActiveCfg = Debug|Any CPU
		{66B0A93B-8DF1-44CE-BF61-D5F5766FB4BA}.Debug|Any CPU.Build.0 = Debug|Any CPU
		{66B0A93B-8DF1-44CE-BF61-D5F5766FB4BA}.Release|Any CPU.ActiveCfg = Release|Any CPU
		{66B0A93B-8DF1-44CE-BF61-D5F5766FB4BA}.Release|Any CPU.Build.0 = Release|Any CPU
		{761348DF-95EF-468F-9493-AD8DF1C16C93}.Debug|Any CPU.ActiveCfg = Debug|Any CPU
		{761348DF-95EF-468F-9493-AD8DF1C16C93}.Debug|Any CPU.Build.0 = Debug|Any CPU
		{761348DF-95EF-468F-9493-AD8DF1C16C93}.Release|Any CPU.ActiveCfg = Release|Any CPU
		{761348DF-95EF-468F-9493-AD8DF1C16C93}.Release|Any CPU.Build.0 = Release|Any CPU
		{54F16792-5D24-48AD-BD26-83552DDFCF5F}.Debug|Any CPU.ActiveCfg = Debug|Any CPU
		{54F16792-5D24-48AD-BD26-83552DDFCF5F}.Debug|Any CPU.Build.0 = Debug|Any CPU
		{54F16792-5D24-48AD-BD26-83552DDFCF5F}.Release|Any CPU.ActiveCfg = Release|Any CPU
		{54F16792-5D24-48AD-BD26-83552DDFCF5F}.Release|Any CPU.Build.0 = Release|Any CPU
		{B1E6709C-8C19-4D1E-B55D-2862BCD71BFF}.Debug|Any CPU.ActiveCfg = Debug|Any CPU
		{B1E6709C-8C19-4D1E-B55D-2862BCD71BFF}.Debug|Any CPU.Build.0 = Debug|Any CPU
		{B1E6709C-8C19-4D1E-B55D-2862BCD71BFF}.Release|Any CPU.ActiveCfg = Release|Any CPU
		{B1E6709C-8C19-4D1E-B55D-2862BCD71BFF}.Release|Any CPU.Build.0 = Release|Any CPU
	EndGlobalSection
	GlobalSection(SolutionProperties) = preSolution
		HideSolutionNode = FALSE
	EndGlobalSection
	GlobalSection(NestedProjects) = preSolution
		{66B0A93B-8DF1-44CE-BF61-D5F5766FB4BA} = {E26D18E4-DCAE-4717-BA7F-201F0C49D3D6}
		{761348DF-95EF-468F-9493-AD8DF1C16C93} = {E26D18E4-DCAE-4717-BA7F-201F0C49D3D6}
		{54F16792-5D24-48AD-BD26-83552DDFCF5F} = {8D0F4C98-8A90-4AF1-B95A-6722B7BC628A}
		{B1E6709C-8C19-4D1E-B55D-2862BCD71BFF} = {E26D18E4-DCAE-4717-BA7F-201F0C49D3D6}
	EndGlobalSection
	GlobalSection(ExtensibilityGlobals) = postSolution
		SolutionGuid = {D0447C99-D402-4B70-A2D3-22BA1BD0882B}
	EndGlobalSection
EndGlobal
